
Microsoft Visual Studio Solution File, Format Version 12.00
# Visual Studio 15
Project("{FAE04EC0-301F-11D3-BF4B-00C04F79EFBC}") = "findandexplore", "findandexplore\findandexplore.csproj", "{7F7B04EE-3186-48A5-8AB0-0028B33903BE}"
EndProject
Project("{FAE04EC0-301F-11D3-BF4B-00C04F79EFBC}") = "findandexplore.Droid", "Droid\findandexplore.Droid.csproj", "{90D403F7-46BF-4040-8F91-66802B71C01E}"
EndProject
Project("{FAE04EC0-301F-11D3-BF4B-00C04F79EFBC}") = "findandexplore.iOS", "iOS\findandexplore.iOS.csproj", "{39B19543-0357-4856-AF12-3687B5AE3744}"
EndProject
Global
	GlobalSection(SolutionConfigurationPlatforms) = preSolution
		Debug|Any CPU = Debug|Any CPU
		Release|Any CPU = Release|Any CPU
		Debug|iPhoneSimulator = Debug|iPhoneSimulator
		Release|iPhone = Release|iPhone
		Release|iPhoneSimulator = Release|iPhoneSimulator
		Debug|iPhone = Debug|iPhone
	EndGlobalSection
	GlobalSection(ProjectConfigurationPlatforms) = postSolution
		{7F7B04EE-3186-48A5-8AB0-0028B33903BE}.Debug|Any CPU.ActiveCfg = Debug|Any CPU
		{7F7B04EE-3186-48A5-8AB0-0028B33903BE}.Debug|Any CPU.Build.0 = Debug|Any CPU
		{7F7B04EE-3186-48A5-8AB0-0028B33903BE}.Release|Any CPU.ActiveCfg = Release|Any CPU
		{7F7B04EE-3186-48A5-8AB0-0028B33903BE}.Release|Any CPU.Build.0 = Release|Any CPU
		{7F7B04EE-3186-48A5-8AB0-0028B33903BE}.Debug|iPhoneSimulator.ActiveCfg = Debug|Any CPU
		{7F7B04EE-3186-48A5-8AB0-0028B33903BE}.Debug|iPhoneSimulator.Build.0 = Debug|Any CPU
		{7F7B04EE-3186-48A5-8AB0-0028B33903BE}.Release|iPhone.ActiveCfg = Release|Any CPU
		{7F7B04EE-3186-48A5-8AB0-0028B33903BE}.Release|iPhone.Build.0 = Release|Any CPU
		{7F7B04EE-3186-48A5-8AB0-0028B33903BE}.Release|iPhoneSimulator.ActiveCfg = Release|Any CPU
		{7F7B04EE-3186-48A5-8AB0-0028B33903BE}.Release|iPhoneSimulator.Build.0 = Release|Any CPU
		{7F7B04EE-3186-48A5-8AB0-0028B33903BE}.Debug|iPhone.ActiveCfg = Debug|Any CPU
		{7F7B04EE-3186-48A5-8AB0-0028B33903BE}.Debug|iPhone.Build.0 = Debug|Any CPU
		{90D403F7-46BF-4040-8F91-66802B71C01E}.Debug|Any CPU.ActiveCfg = Debug|Any CPU
		{90D403F7-46BF-4040-8F91-66802B71C01E}.Debug|Any CPU.Build.0 = Debug|Any CPU
		{90D403F7-46BF-4040-8F91-66802B71C01E}.Release|Any CPU.ActiveCfg = Release|Any CPU
		{90D403F7-46BF-4040-8F91-66802B71C01E}.Release|Any CPU.Build.0 = Release|Any CPU
		{90D403F7-46BF-4040-8F91-66802B71C01E}.Debug|iPhoneSimulator.ActiveCfg = Debug|Any CPU
		{90D403F7-46BF-4040-8F91-66802B71C01E}.Debug|iPhoneSimulator.Build.0 = Debug|Any CPU
		{90D403F7-46BF-4040-8F91-66802B71C01E}.Release|iPhone.ActiveCfg = Release|Any CPU
		{90D403F7-46BF-4040-8F91-66802B71C01E}.Release|iPhone.Build.0 = Release|Any CPU
		{90D403F7-46BF-4040-8F91-66802B71C01E}.Release|iPhoneSimulator.ActiveCfg = Release|Any CPU
		{90D403F7-46BF-4040-8F91-66802B71C01E}.Release|iPhoneSimulator.Build.0 = Release|Any CPU
		{90D403F7-46BF-4040-8F91-66802B71C01E}.Debug|iPhone.ActiveCfg = Debug|Any CPU
		{90D403F7-46BF-4040-8F91-66802B71C01E}.Debug|iPhone.Build.0 = Debug|Any CPU
		{39B19543-0357-4856-AF12-3687B5AE3744}.Debug|Any CPU.ActiveCfg = Debug|iPhoneSimulator
		{39B19543-0357-4856-AF12-3687B5AE3744}.Debug|Any CPU.Build.0 = Debug|iPhoneSimulator
		{39B19543-0357-4856-AF12-3687B5AE3744}.Release|Any CPU.ActiveCfg = Release|iPhone
		{39B19543-0357-4856-AF12-3687B5AE3744}.Release|Any CPU.Build.0 = Release|iPhone
		{39B19543-0357-4856-AF12-3687B5AE3744}.Debug|iPhoneSimulator.ActiveCfg = Debug|iPhoneSimulator
		{39B19543-0357-4856-AF12-3687B5AE3744}.Debug|iPhoneSimulator.Build.0 = Debug|iPhoneSimulator
		{39B19543-0357-4856-AF12-3687B5AE3744}.Release|iPhone.ActiveCfg = Release|iPhone
		{39B19543-0357-4856-AF12-3687B5AE3744}.Release|iPhone.Build.0 = Release|iPhone
		{39B19543-0357-4856-AF12-3687B5AE3744}.Release|iPhoneSimulator.ActiveCfg = Release|iPhoneSimulator
		{39B19543-0357-4856-AF12-3687B5AE3744}.Release|iPhoneSimulator.Build.0 = Release|iPhoneSimulator
		{39B19543-0357-4856-AF12-3687B5AE3744}.Debug|iPhone.ActiveCfg = Debug|iPhone
		{39B19543-0357-4856-AF12-3687B5AE3744}.Debug|iPhone.Build.0 = Debug|iPhone
	EndGlobalSection
EndGlobal
